
Microsoft Visual Studio Solution File, Format Version 12.00
# Visual Studio 14
VisualStudioVersion = 14.0.25420.1
MinimumVisualStudioVersion = 10.0.40219.1
Project("{FAE04EC0-301F-11D3-BF4B-00C04F79EFBC}") = "Projekt1 KAB", "Projekt1 KAB\Projekt1 KAB.csproj", "{A6665DB5-E76C-4BFD-B3FB-76583CA427BF}"
EndProject
Project("{2150E333-8FDC-42A3-9474-1A3956D46DE8}") = "Solution Items", "Solution Items", "{802B7EC3-DCD2-461C-B4EC-4FDB74211AF5}"
EndProject
Project("{FAE04EC0-301F-11D3-BF4B-00C04F79EFBC}") = "ClassLibraryKAB", "ClassLibraryKAB\ClassLibraryKAB.csproj", "{B0B32E22-C667-4A93-B8E3-9C4E8E3B7C09}"
EndProject
Project("{FAE04EC0-301F-11D3-BF4B-00C04F79EFBC}") = "TestConsole", "TestConsole\TestConsole.csproj", "{93EE1A08-FCEB-4FDA-B401-16764FECEB7C}"
EndProject
Global
	GlobalSection(SolutionConfigurationPlatforms) = preSolution
		Debug|Any CPU = Debug|Any CPU
		Release|Any CPU = Release|Any CPU
	EndGlobalSection
	GlobalSection(ProjectConfigurationPlatforms) = postSolution
		{A6665DB5-E76C-4BFD-B3FB-76583CA427BF}.Debug|Any CPU.ActiveCfg = Debug|Any CPU
		{A6665DB5-E76C-4BFD-B3FB-76583CA427BF}.Debug|Any CPU.Build.0 = Debug|Any CPU
		{A6665DB5-E76C-4BFD-B3FB-76583CA427BF}.Release|Any CPU.ActiveCfg = Release|Any CPU
		{A6665DB5-E76C-4BFD-B3FB-76583CA427BF}.Release|Any CPU.Build.0 = Release|Any CPU
		{B0B32E22-C667-4A93-B8E3-9C4E8E3B7C09}.Debug|Any CPU.ActiveCfg = Debug|Any CPU
		{B0B32E22-C667-4A93-B8E3-9C4E8E3B7C09}.Debug|Any CPU.Build.0 = Debug|Any CPU
		{B0B32E22-C667-4A93-B8E3-9C4E8E3B7C09}.Release|Any CPU.ActiveCfg = Release|Any CPU
		{B0B32E22-C667-4A93-B8E3-9C4E8E3B7C09}.Release|Any CPU.Build.0 = Release|Any CPU
		{93EE1A08-FCEB-4FDA-B401-16764FECEB7C}.Debug|Any CPU.ActiveCfg = Debug|Any CPU
		{93EE1A08-FCEB-4FDA-B401-16764FECEB7C}.Debug|Any CPU.Build.0 = Debug|Any CPU
		{93EE1A08-FCEB-4FDA-B401-16764FECEB7C}.Release|Any CPU.ActiveCfg = Release|Any CPU
		{93EE1A08-FCEB-4FDA-B401-16764FECEB7C}.Release|Any CPU.Build.0 = Release|Any CPU
	EndGlobalSection
	GlobalSection(SolutionProperties) = preSolution
		HideSolutionNode = FALSE
	EndGlobalSection
EndGlobal
